// !$*UTF8*$!
{
	archiveVersion = 1;
	classes = {
	};
	objectVersion = 55;
	objects = {

/* Begin PBXBuildFile section */
		7B2E7FAB2875C1C900DF4E94 /* SearchResultViewController.swift in Sources */ = {isa = PBXBuildFile; fileRef = 7B2E7FAA2875C1C900DF4E94 /* SearchResultViewController.swift */; };
		7B2E7FAD2875C51200DF4E94 /* MusicCollectionViewCell.swift in Sources */ = {isa = PBXBuildFile; fileRef = 7B2E7FAC2875C51200DF4E94 /* MusicCollectionViewCell.swift */; };
		7B76CB7F28746C53002F6AFA /* AppDelegate.swift in Sources */ = {isa = PBXBuildFile; fileRef = 7B76CB7E28746C53002F6AFA /* AppDelegate.swift */; };
		7B76CB8128746C53002F6AFA /* SceneDelegate.swift in Sources */ = {isa = PBXBuildFile; fileRef = 7B76CB8028746C53002F6AFA /* SceneDelegate.swift */; };
		7B76CB8328746C53002F6AFA /* ViewController.swift in Sources */ = {isa = PBXBuildFile; fileRef = 7B76CB8228746C53002F6AFA /* ViewController.swift */; };
		7B76CB8628746C53002F6AFA /* Main.storyboard in Resources */ = {isa = PBXBuildFile; fileRef = 7B76CB8428746C53002F6AFA /* Main.storyboard */; };
		7B76CB8828746C55002F6AFA /* Assets.xcassets in Resources */ = {isa = PBXBuildFile; fileRef = 7B76CB8728746C55002F6AFA /* Assets.xcassets */; };
		7B76CB8B28746C55002F6AFA /* LaunchScreen.storyboard in Resources */ = {isa = PBXBuildFile; fileRef = 7B76CB8928746C55002F6AFA /* LaunchScreen.storyboard */; };
		7B76CB962874708F002F6AFA /* Music.swift in Sources */ = {isa = PBXBuildFile; fileRef = 7B76CB952874708F002F6AFA /* Music.swift */; };
		7B76CB982874727E002F6AFA /* NetworkManager.swift in Sources */ = {isa = PBXBuildFile; fileRef = 7B76CB972874727E002F6AFA /* NetworkManager.swift */; };
		7B76CB9B2874738B002F6AFA /* Constants.swift in Sources */ = {isa = PBXBuildFile; fileRef = 7B76CB9A2874738B002F6AFA /* Constants.swift */; };
		7B76CB9D28753512002F6AFA /* MusicTableViewCell.swift in Sources */ = {isa = PBXBuildFile; fileRef = 7B76CB9C28753512002F6AFA /* MusicTableViewCell.swift */; };
/* End PBXBuildFile section */

/* Begin PBXFileReference section */
		7B2E7FAA2875C1C900DF4E94 /* SearchResultViewController.swift */ = {isa = PBXFileReference; lastKnownFileType = sourcecode.swift; path = SearchResultViewController.swift; sourceTree = "<group>"; };
		7B2E7FAC2875C51200DF4E94 /* MusicCollectionViewCell.swift */ = {isa = PBXFileReference; lastKnownFileType = sourcecode.swift; path = MusicCollectionViewCell.swift; sourceTree = "<group>"; };
		7B76CB7B28746C53002F6AFA /* MusicList.app */ = {isa = PBXFileReference; explicitFileType = wrapper.application; includeInIndex = 0; path = MusicList.app; sourceTree = BUILT_PRODUCTS_DIR; };
		7B76CB7E28746C53002F6AFA /* AppDelegate.swift */ = {isa = PBXFileReference; lastKnownFileType = sourcecode.swift; path = AppDelegate.swift; sourceTree = "<group>"; };
		7B76CB8028746C53002F6AFA /* SceneDelegate.swift */ = {isa = PBXFileReference; lastKnownFileType = sourcecode.swift; path = SceneDelegate.swift; sourceTree = "<group>"; };
		7B76CB8228746C53002F6AFA /* ViewController.swift */ = {isa = PBXFileReference; lastKnownFileType = sourcecode.swift; path = ViewController.swift; sourceTree = "<group>"; };
		7B76CB8528746C53002F6AFA /* Base */ = {isa = PBXFileReference; lastKnownFileType = file.storyboard; name = Base; path = Base.lproj/Main.storyboard; sourceTree = "<group>"; };
		7B76CB8728746C55002F6AFA /* Assets.xcassets */ = {isa = PBXFileReference; lastKnownFileType = folder.assetcatalog; path = Assets.xcassets; sourceTree = "<group>"; };
		7B76CB8A28746C55002F6AFA /* Base */ = {isa = PBXFileReference; lastKnownFileType = file.storyboard; name = Base; path = Base.lproj/LaunchScreen.storyboard; sourceTree = "<group>"; };
		7B76CB8C28746C55002F6AFA /* Info.plist */ = {isa = PBXFileReference; lastKnownFileType = text.plist.xml; path = Info.plist; sourceTree = "<group>"; };
		7B76CB952874708F002F6AFA /* Music.swift */ = {isa = PBXFileReference; lastKnownFileType = sourcecode.swift; path = Music.swift; sourceTree = "<group>"; };
		7B76CB972874727E002F6AFA /* NetworkManager.swift */ = {isa = PBXFileReference; lastKnownFileType = sourcecode.swift; path = NetworkManager.swift; sourceTree = "<group>"; };
		7B76CB9A2874738B002F6AFA /* Constants.swift */ = {isa = PBXFileReference; lastKnownFileType = sourcecode.swift; path = Constants.swift; sourceTree = "<group>"; };
		7B76CB9C28753512002F6AFA /* MusicTableViewCell.swift */ = {isa = PBXFileReference; lastKnownFileType = sourcecode.swift; path = MusicTableViewCell.swift; sourceTree = "<group>"; };
/* End PBXFileReference section */

/* Begin PBXFrameworksBuildPhase section */
		7B76CB7828746C53002F6AFA /* Frameworks */ = {
			isa = PBXFrameworksBuildPhase;
			buildActionMask = 2147483647;
			files = (
			);
			runOnlyForDeploymentPostprocessing = 0;
		};
/* End PBXFrameworksBuildPhase section */

/* Begin PBXGroup section */
		7B76CB7228746C53002F6AFA = {
			isa = PBXGroup;
			children = (
				7B76CB7D28746C53002F6AFA /* MusicList */,
				7B76CB7C28746C53002F6AFA /* Products */,
			);
			sourceTree = "<group>";
		};
		7B76CB7C28746C53002F6AFA /* Products */ = {
			isa = PBXGroup;
			children = (
				7B76CB7B28746C53002F6AFA /* MusicList.app */,
			);
			name = Products;
			sourceTree = "<group>";
		};
		7B76CB7D28746C53002F6AFA /* MusicList */ = {
			isa = PBXGroup;
			children = (
				7B76CB7E28746C53002F6AFA /* AppDelegate.swift */,
				7B76CB8028746C53002F6AFA /* SceneDelegate.swift */,
				7B76CB9928747375002F6AFA /* Helper */,
				7B76CB9428746D72002F6AFA /* Models */,
				7B76CB9328746D6C002F6AFA /* Views */,
				7B76CB9228746D65002F6AFA /* Controllers */,
				7B76CB8728746C55002F6AFA /* Assets.xcassets */,
				7B76CB8928746C55002F6AFA /* LaunchScreen.storyboard */,
				7B76CB8C28746C55002F6AFA /* Info.plist */,
			);
			path = MusicList;
			sourceTree = "<group>";
		};
		7B76CB9228746D65002F6AFA /* Controllers */ = {
			isa = PBXGroup;
			children = (
				7B76CB8228746C53002F6AFA /* ViewController.swift */,
				7B2E7FAA2875C1C900DF4E94 /* SearchResultViewController.swift */,
			);
			path = Controllers;
			sourceTree = "<group>";
		};
		7B76CB9328746D6C002F6AFA /* Views */ = {
			isa = PBXGroup;
			children = (
				7B76CB8428746C53002F6AFA /* Main.storyboard */,
				7B76CB9C28753512002F6AFA /* MusicTableViewCell.swift */,
				7B2E7FAC2875C51200DF4E94 /* MusicCollectionViewCell.swift */,
			);
			path = Views;
			sourceTree = "<group>";
		};
		7B76CB9428746D72002F6AFA /* Models */ = {
			isa = PBXGroup;
			children = (
				7B76CB952874708F002F6AFA /* Music.swift */,
				7B76CB972874727E002F6AFA /* NetworkManager.swift */,
			);
			path = Models;
			sourceTree = "<group>";
		};
		7B76CB9928747375002F6AFA /* Helper */ = {
			isa = PBXGroup;
			children = (
				7B76CB9A2874738B002F6AFA /* Constants.swift */,
			);
			path = Helper;
			sourceTree = "<group>";
		};
/* End PBXGroup section */

/* Begin PBXNativeTarget section */
		7B76CB7A28746C53002F6AFA /* MusicList */ = {
			isa = PBXNativeTarget;
			buildConfigurationList = 7B76CB8F28746C55002F6AFA /* Build configuration list for PBXNativeTarget "MusicList" */;
			buildPhases = (
				7B76CB7728746C53002F6AFA /* Sources */,
				7B76CB7828746C53002F6AFA /* Frameworks */,
				7B76CB7928746C53002F6AFA /* Resources */,
			);
			buildRules = (
			);
			dependencies = (
			);
			name = MusicList;
			productName = MusicList;
			productReference = 7B76CB7B28746C53002F6AFA /* MusicList.app */;
			productType = "com.apple.product-type.application";
		};
/* End PBXNativeTarget section */

/* Begin PBXProject section */
		7B76CB7328746C53002F6AFA /* Project object */ = {
			isa = PBXProject;
			attributes = {
				BuildIndependentTargetsInParallel = 1;
				LastSwiftUpdateCheck = 1340;
				LastUpgradeCheck = 1340;
				TargetAttributes = {
					7B76CB7A28746C53002F6AFA = {
						CreatedOnToolsVersion = 13.4.1;
					};
				};
			};
			buildConfigurationList = 7B76CB7628746C53002F6AFA /* Build configuration list for PBXProject "MusicList" */;
			compatibilityVersion = "Xcode 13.0";
			developmentRegion = en;
			hasScannedForEncodings = 0;
			knownRegions = (
				en,
				Base,
			);
			mainGroup = 7B76CB7228746C53002F6AFA;
			productRefGroup = 7B76CB7C28746C53002F6AFA /* Products */;
			projectDirPath = "";
			projectRoot = "";
			targets = (
				7B76CB7A28746C53002F6AFA /* MusicList */,
			);
		};
/* End PBXProject section */

/* Begin PBXResourcesBuildPhase section */
		7B76CB7928746C53002F6AFA /* Resources */ = {
			isa = PBXResourcesBuildPhase;
			buildActionMask = 2147483647;
			files = (
				7B76CB8B28746C55002F6AFA /* LaunchScreen.storyboard in Resources */,
				7B76CB8828746C55002F6AFA /* Assets.xcassets in Resources */,
				7B76CB8628746C53002F6AFA /* Main.storyboard in Resources */,
			);
			runOnlyForDeploymentPostprocessing = 0;
		};
/* End PBXResourcesBuildPhase section */

/* Begin PBXSourcesBuildPhase section */
		7B76CB7728746C53002F6AFA /* Sources */ = {
			isa = PBXSourcesBuildPhase;
			buildActionMask = 2147483647;
			files = (
				7B76CB8328746C53002F6AFA /* ViewController.swift in Sources */,
				7B76CB7F28746C53002F6AFA /* AppDelegate.swift in Sources */,
				7B76CB8128746C53002F6AFA /* SceneDelegate.swift in Sources */,
				7B76CB982874727E002F6AFA /* NetworkManager.swift in Sources */,
				7B2E7FAD2875C51200DF4E94 /* MusicCollectionViewCell.swift in Sources */,
				7B76CB9D28753512002F6AFA /* MusicTableViewCell.swift in Sources */,
				7B76CB962874708F002F6AFA /* Music.swift in Sources */,
				7B2E7FAB2875C1C900DF4E94 /* SearchResultViewController.swift in Sources */,
				7B76CB9B2874738B002F6AFA /* Constants.swift in Sources */,
			);
			runOnlyForDeploymentPostprocessing = 0;
		};
/* End PBXSourcesBuildPhase section */

/* Begin PBXVariantGroup section */
		7B76CB8428746C53002F6AFA /* Main.storyboard */ = {
			isa = PBXVariantGroup;
			children = (
				7B76CB8528746C53002F6AFA /* Base */,
			);
			name = Main.storyboard;
			sourceTree = "<group>";
		};
		7B76CB8928746C55002F6AFA /* LaunchScreen.storyboard */ = {
			isa = PBXVariantGroup;
			children = (
				7B76CB8A28746C55002F6AFA /* Base */,
			);
			name = LaunchScreen.storyboard;
			sourceTree = "<group>";
		};
/* End PBXVariantGroup section */

/* Begin XCBuildConfiguration section */
		7B76CB8D28746C55002F6AFA /* Debug */ = {
			isa = XCBuildConfiguration;
			buildSettings = {
				ALWAYS_SEARCH_USER_PATHS = NO;
				CLANG_ANALYZER_NONNULL = YES;
				CLANG_ANALYZER_NUMBER_OBJECT_CONVERSION = YES_AGGRESSIVE;
				CLANG_CXX_LANGUAGE_STANDARD = "gnu++17";
				CLANG_ENABLE_MODULES = YES;
				CLANG_ENABLE_OBJC_ARC = YES;
				CLANG_ENABLE_OBJC_WEAK = YES;
				CLANG_WARN_BLOCK_CAPTURE_AUTORELEASING = YES;
				CLANG_WARN_BOOL_CONVERSION = YES;
				CLANG_WARN_COMMA = YES;
				CLANG_WARN_CONSTANT_CONVERSION = YES;
				CLANG_WARN_DEPRECATED_OBJC_IMPLEMENTATIONS = YES;
				CLANG_WARN_DIRECT_OBJC_ISA_USAGE = YES_ERROR;
				CLANG_WARN_DOCUMENTATION_COMMENTS = YES;
				CLANG_WARN_EMPTY_BODY = YES;
				CLANG_WARN_ENUM_CONVERSION = YES;
				CLANG_WARN_INFINITE_RECURSION = YES;
				CLANG_WARN_INT_CONVERSION = YES;
				CLANG_WARN_NON_LITERAL_NULL_CONVERSION = YES;
				CLANG_WARN_OBJC_IMPLICIT_RETAIN_SELF = YES;
				CLANG_WARN_OBJC_LITERAL_CONVERSION = YES;
				CLANG_WARN_OBJC_ROOT_CLASS = YES_ERROR;
				CLANG_WARN_QUOTED_INCLUDE_IN_FRAMEWORK_HEADER = YES;
				CLANG_WARN_RANGE_LOOP_ANALYSIS = YES;
				CLANG_WARN_STRICT_PROTOTYPES = YES;
				CLANG_WARN_SUSPICIOUS_MOVE = YES;
				CLANG_WARN_UNGUARDED_AVAILABILITY = YES_AGGRESSIVE;
				CLANG_WARN_UNREACHABLE_CODE = YES;
				CLANG_WARN__DUPLICATE_METHOD_MATCH = YES;
				COPY_PHASE_STRIP = NO;
				DEBUG_INFORMATION_FORMAT = dwarf;
				ENABLE_STRICT_OBJC_MSGSEND = YES;
				ENABLE_TESTABILITY = YES;
				GCC_C_LANGUAGE_STANDARD = gnu11;
				GCC_DYNAMIC_NO_PIC = NO;
				GCC_NO_COMMON_BLOCKS = YES;
				GCC_OPTIMIZATION_LEVEL = 0;
				GCC_PREPROCESSOR_DEFINITIONS = (
					"DEBUG=1",
					"$(inherited)",
				);
				GCC_WARN_64_TO_32_BIT_CONVERSION = YES;
				GCC_WARN_ABOUT_RETURN_TYPE = YES_ERROR;
				GCC_WARN_UNDECLARED_SELECTOR = YES;
				GCC_WARN_UNINITIALIZED_AUTOS = YES_AGGRESSIVE;
				GCC_WARN_UNUSED_FUNCTION = YES;
				GCC_WARN_UNUSED_VARIABLE = YES;
				IPHONEOS_DEPLOYMENT_TARGET = 15.5;
				MTL_ENABLE_DEBUG_INFO = INCLUDE_SOURCE;
				MTL_FAST_MATH = YES;
				ONLY_ACTIVE_ARCH = YES;
				SDKROOT = iphoneos;
				SWIFT_ACTIVE_COMPILATION_CONDITIONS = DEBUG;
				SWIFT_OPTIMIZATION_LEVEL = "-Onone";
			};
			name = Debug;
		};
		7B76CB8E28746C55002F6AFA /* Release */ = {
			isa = XCBuildConfiguration;
			buildSettings = {
				ALWAYS_SEARCH_USER_PATHS = NO;
				CLANG_ANALYZER_NONNULL = YES;
				CLANG_ANALYZER_NUMBER_OBJECT_CONVERSION = YES_AGGRESSIVE;
				CLANG_CXX_LANGUAGE_STANDARD = "gnu++17";
				CLANG_ENABLE_MODULES = YES;
				CLANG_ENABLE_OBJC_ARC = YES;
				CLANG_ENABLE_OBJC_WEAK = YES;
				CLANG_WARN_BLOCK_CAPTURE_AUTORELEASING = YES;
				CLANG_WARN_BOOL_CONVERSION = YES;
				CLANG_WARN_COMMA = YES;
				CLANG_WARN_CONSTANT_CONVERSION = YES;
				CLANG_WARN_DEPRECATED_OBJC_IMPLEMENTATIONS = YES;
				CLANG_WARN_DIRECT_OBJC_ISA_USAGE = YES_ERROR;
				CLANG_WARN_DOCUMENTATION_COMMENTS = YES;
				CLANG_WARN_EMPTY_BODY = YES;
				CLANG_WARN_ENUM_CONVERSION = YES;
				CLANG_WARN_INFINITE_RECURSION = YES;
				CLANG_WARN_INT_CONVERSION = YES;
				CLANG_WARN_NON_LITERAL_NULL_CONVERSION = YES;
				CLANG_WARN_OBJC_IMPLICIT_RETAIN_SELF = YES;
				CLANG_WARN_OBJC_LITERAL_CONVERSION = YES;
				CLANG_WARN_OBJC_ROOT_CLASS = YES_ERROR;
				CLANG_WARN_QUOTED_INCLUDE_IN_FRAMEWORK_HEADER = YES;
				CLANG_WARN_RANGE_LOOP_ANALYSIS = YES;
				CLANG_WARN_STRICT_PROTOTYPES = YES;
				CLANG_WARN_SUSPICIOUS_MOVE = YES;
				CLANG_WARN_UNGUARDED_AVAILABILITY = YES_AGGRESSIVE;
				CLANG_WARN_UNREACHABLE_CODE = YES;
				CLANG_WARN__DUPLICATE_METHOD_MATCH = YES;
				COPY_PHASE_STRIP = NO;
				DEBUG_INFORMATION_FORMAT = "dwarf-with-dsym";
				ENABLE_NS_ASSERTIONS = NO;
				ENABLE_STRICT_OBJC_MSGSEND = YES;
				GCC_C_LANGUAGE_STANDARD = gnu11;
				GCC_NO_COMMON_BLOCKS = YES;
				GCC_WARN_64_TO_32_BIT_CONVERSION = YES;
				GCC_WARN_ABOUT_RETURN_TYPE = YES_ERROR;
				GCC_WARN_UNDECLARED_SELECTOR = YES;
				GCC_WARN_UNINITIALIZED_AUTOS = YES_AGGRESSIVE;
				GCC_WARN_UNUSED_FUNCTION = YES;
				GCC_WARN_UNUSED_VARIABLE = YES;
				IPHONEOS_DEPLOYMENT_TARGET = 15.5;
				MTL_ENABLE_DEBUG_INFO = NO;
				MTL_FAST_MATH = YES;
				SDKROOT = iphoneos;
				SWIFT_COMPILATION_MODE = wholemodule;
				SWIFT_OPTIMIZATION_LEVEL = "-O";
				VALIDATE_PRODUCT = YES;
			};
			name = Release;
		};
		7B76CB9028746C55002F6AFA /* Debug */ = {
			isa = XCBuildConfiguration;
			buildSettings = {
				ASSETCATALOG_COMPILER_APPICON_NAME = AppIcon;
				ASSETCATALOG_COMPILER_GLOBAL_ACCENT_COLOR_NAME = AccentColor;
				CODE_SIGN_STYLE = Automatic;
				CURRENT_PROJECT_VERSION = 1;
				DEVELOPMENT_TEAM = K9M6C75JFU;
				GENERATE_INFOPLIST_FILE = YES;
				INFOPLIST_FILE = MusicList/Info.plist;
				INFOPLIST_KEY_UIApplicationSupportsIndirectInputEvents = YES;
				INFOPLIST_KEY_UILaunchStoryboardName = LaunchScreen;
				INFOPLIST_KEY_UISupportedInterfaceOrientations = UIInterfaceOrientationPortrait;
				INFOPLIST_KEY_UISupportedInterfaceOrientations_iPad = "UIInterfaceOrientationPortrait UIInterfaceOrientationPortraitUpsideDown UIInterfaceOrientationLandscapeLeft UIInterfaceOrientationLandscapeRight";
				INFOPLIST_KEY_UISupportedInterfaceOrientations_iPhone = "UIInterfaceOrientationPortrait UIInterfaceOrientationLandscapeLeft UIInterfaceOrientationLandscapeRight";
				IPHONEOS_DEPLOYMENT_TARGET = 14.0;
				LD_RUNPATH_SEARCH_PATHS = (
					"$(inherited)",
					"@executable_path/Frameworks",
				);
				MARKETING_VERSION = 1.0;
				PRODUCT_BUNDLE_IDENTIFIER = com.stem.MusicList;
				PRODUCT_NAME = "$(TARGET_NAME)";
				SWIFT_EMIT_LOC_STRINGS = YES;
				SWIFT_VERSION = 5.0;
				TARGETED_DEVICE_FAMILY = 1;
			};
			name = Debug;
		};
		7B76CB9128746C55002F6AFA /* Release */ = {
			isa = XCBuildConfiguration;
			buildSettings = {
				ASSETCATALOG_COMPILER_APPICON_NAME = AppIcon;
				ASSETCATALOG_COMPILER_GLOBAL_ACCENT_COLOR_NAME = AccentColor;
				CODE_SIGN_STYLE = Automatic;
				CURRENT_PROJECT_VERSION = 1;
				DEVELOPMENT_TEAM = K9M6C75JFU;
				GENERATE_INFOPLIST_FILE = YES;
				INFOPLIST_FILE = MusicList/Info.plist;
				INFOPLIST_KEY_UIApplicationSupportsIndirectInputEvents = YES;
				INFOPLIST_KEY_UILaunchStoryboardName = LaunchScreen;
				INFOPLIST_KEY_UISupportedInterfaceOrientations = UIInterfaceOrientationPortrait;
				INFOPLIST_KEY_UISupportedInterfaceOrientations_iPad = "UIInterfaceOrientationPortrait UIInterfaceOrientationPortraitUpsideDown UIInterfaceOrientationLandscapeLeft UIInterfaceOrientationLandscapeRight";
				INFOPLIST_KEY_UISupportedInterfaceOrientations_iPhone = "UIInterfaceOrientationPortrait UIInterfaceOrientationLandscapeLeft UIInterfaceOrientationLandscapeRight";
				IPHONEOS_DEPLOYMENT_TARGET = 14.0;
				LD_RUNPATH_SEARCH_PATHS = (
					"$(inherited)",
					"@executable_path/Frameworks",
				);
				MARKETING_VERSION = 1.0;
				PRODUCT_BUNDLE_IDENTIFIER = com.stem.MusicList;
				PRODUCT_NAME = "$(TARGET_NAME)";
				SWIFT_EMIT_LOC_STRINGS = YES;
				SWIFT_VERSION = 5.0;
				TARGETED_DEVICE_FAMILY = 1;
			};
			name = Release;
		};
/* End XCBuildConfiguration section */

/* Begin XCConfigurationList section */
		7B76CB7628746C53002F6AFA /* Build configuration list for PBXProject "MusicList" */ = {
			isa = XCConfigurationList;
			buildConfigurations = (
				7B76CB8D28746C55002F6AFA /* Debug */,
				7B76CB8E28746C55002F6AFA /* Release */,
			);
			defaultConfigurationIsVisible = 0;
			defaultConfigurationName = Release;
		};
		7B76CB8F28746C55002F6AFA /* Build configuration list for PBXNativeTarget "MusicList" */ = {
			isa = XCConfigurationList;
			buildConfigurations = (
				7B76CB9028746C55002F6AFA /* Debug */,
				7B76CB9128746C55002F6AFA /* Release */,
			);
			defaultConfigurationIsVisible = 0;
			defaultConfigurationName = Release;
		};
/* End XCConfigurationList section */
	};
	rootObject = 7B76CB7328746C53002F6AFA /* Project object */;
}
